
Microsoft Visual Studio Solution File, Format Version 12.00
# Visual Studio Version 17
VisualStudioVersion = 17.6.33717.318
MinimumVisualStudioVersion = 10.0.40219.1
Project("{FAE04EC0-301F-11D3-BF4B-00C04F79EFBC}") = "Sample pages", "Sample pages\Sample pages.csproj", "{042C9063-8DB6-454F-B270-148D37598590}"
EndProject
Global
	GlobalSection(SolutionConfigurationPlatforms) = preSolution
		Debug|Any CPU = Debug|Any CPU
		Release|Any CPU = Release|Any CPU
	EndGlobalSection
	GlobalSection(ProjectConfigurationPlatforms) = postSolution
		{042C9063-8DB6-454F-B270-148D37598590}.Debug|Any CPU.ActiveCfg = Debug|Any CPU
		{042C9063-8DB6-454F-B270-148D37598590}.Debug|Any CPU.Build.0 = Debug|Any CPU
		{042C9063-8DB6-454F-B270-148D37598590}.Release|Any CPU.ActiveCfg = Release|Any CPU
		{042C9063-8DB6-454F-B270-148D37598590}.Release|Any CPU.Build.0 = Release|Any CPU
	EndGlobalSection
	GlobalSection(SolutionProperties) = preSolution
		HideSolutionNode = FALSE
	EndGlobalSection
	GlobalSection(ExtensibilityGlobals) = postSolution
		SolutionGuid = {D7EAE7F7-8BB3-4426-9A4F-1E315B69CBB5}
	EndGlobalSection
EndGlobal
